<?xml version="1.0" encoding="utf-8"?>
<Project ToolsVersion="4.0" xmlns="http://schemas.microsoft.com/developer/msbuild/2003">
  <ItemGroup>
    <ClCompile Include="..\examples\peerconnection\client\conductor.cc" />
    <ClCompile Include="..\examples\peerconnection\client\defaults.cc" />
    <ClCompile Include="..\examples\peerconnection\client\main.cc" />
    <ClCompile Include="..\examples\peerconnection\client\main_wnd.cc" />
    <ClCompile Include="..\examples\peerconnection\client\peer_connection_client.cc" />
  </ItemGroup>
  <ItemGroup>
    <ClInclude Include="..\examples\peerconnection\client\conductor.h" />
    <ClInclude Include="..\examples\peerconnection\client\defaults.h" />
    <ClInclude Include="..\examples\peerconnection\client\flagdefs.h" />
    <ClInclude Include="..\examples\peerconnection\client\main_wnd.h" />
    <ClInclude Include="..\examples\peerconnection\client\peer_connection_client.h" />
  </ItemGroup>
</Project>